
Microsoft Visual Studio Solution File, Format Version 12.00
# Visual Studio 14
VisualStudioVersion = 14.0.24720.0
MinimumVisualStudioVersion = 10.0.40219.1
Project("{FAE04EC0-301F-11D3-BF4B-00C04F79EFBC}") = "Exercise1", "Exercise1\Exercise1.csproj", "{B662AAA7-59DC-44D5-92EE-247B1DC14774}"
EndProject
Project("{FAE04EC0-301F-11D3-BF4B-00C04F79EFBC}") = "Stack", "Stack\Stack.csproj", "{6D4C9642-C1A2-414C-90CA-CDCEF2494EA8}"
EndProject
Project("{FAE04EC0-301F-11D3-BF4B-00C04F79EFBC}") = "Payment", "Payment\Payment.csproj", "{768ECDBC-4BBE-433E-BA78-80994B990B65}"
EndProject
Global
	GlobalSection(SolutionConfigurationPlatforms) = preSolution
		Debug|Any CPU = Debug|Any CPU
		Release|Any CPU = Release|Any CPU
	EndGlobalSection
	GlobalSection(ProjectConfigurationPlatforms) = postSolution
		{B662AAA7-59DC-44D5-92EE-247B1DC14774}.Debug|Any CPU.ActiveCfg = Debug|Any CPU
		{B662AAA7-59DC-44D5-92EE-247B1DC14774}.Debug|Any CPU.Build.0 = Debug|Any CPU
		{B662AAA7-59DC-44D5-92EE-247B1DC14774}.Release|Any CPU.ActiveCfg = Release|Any CPU
		{B662AAA7-59DC-44D5-92EE-247B1DC14774}.Release|Any CPU.Build.0 = Release|Any CPU
		{6D4C9642-C1A2-414C-90CA-CDCEF2494EA8}.Debug|Any CPU.ActiveCfg = Debug|Any CPU
		{6D4C9642-C1A2-414C-90CA-CDCEF2494EA8}.Debug|Any CPU.Build.0 = Debug|Any CPU
		{6D4C9642-C1A2-414C-90CA-CDCEF2494EA8}.Release|Any CPU.ActiveCfg = Release|Any CPU
		{6D4C9642-C1A2-414C-90CA-CDCEF2494EA8}.Release|Any CPU.Build.0 = Release|Any CPU
		{768ECDBC-4BBE-433E-BA78-80994B990B65}.Debug|Any CPU.ActiveCfg = Debug|Any CPU
		{768ECDBC-4BBE-433E-BA78-80994B990B65}.Debug|Any CPU.Build.0 = Debug|Any CPU
		{768ECDBC-4BBE-433E-BA78-80994B990B65}.Release|Any CPU.ActiveCfg = Release|Any CPU
		{768ECDBC-4BBE-433E-BA78-80994B990B65}.Release|Any CPU.Build.0 = Release|Any CPU
	EndGlobalSection
	GlobalSection(SolutionProperties) = preSolution
		HideSolutionNode = FALSE
	EndGlobalSection
EndGlobal
